
Microsoft Visual Studio Solution File, Format Version 12.00
# Visual Studio Version 16
VisualStudioVersion = 16.0.31515.178
MinimumVisualStudioVersion = 10.0.40219.1
Project("{9A19103F-16F7-4668-BE54-9A1E7A4F7556}") = "GMongoDBExample.Repositories", "GMongoDBExample.Repositories\GMongoDBExample.Repositories.csproj", "{53E2F4A9-EA53-49DA-A9E5-D3FA2DA69F10}"
EndProject
Project("{9A19103F-16F7-4668-BE54-9A1E7A4F7556}") = "GMongoDBExample.Domains", "GMongoDBExample.Domains\GMongoDBExample.Domains.csproj", "{9E58C0C5-2CB4-48CB-AE52-B1B8F62AFC42}"
EndProject
Project("{2150E333-8FDC-42A3-9474-1A3956D46DE8}") = "Solution Items", "Solution Items", "{9B0AE68B-3FB3-4C73-A605-4F3D5EEEE865}"
	ProjectSection(SolutionItems) = preProject
		.editorconfig = .editorconfig
		docker-compose.yml = docker-compose.yml
	EndProjectSection
EndProject
Project("{9A19103F-16F7-4668-BE54-9A1E7A4F7556}") = "GMongoDBExample.Repositories.UnitTest", "GMongoDBExample.Repositories.UnitTest\GMongoDBExample.Repositories.UnitTest.csproj", "{1496EF35-BE72-422A-9A5C-6B7F02838CAA}"
EndProject
Project("{9A19103F-16F7-4668-BE54-9A1E7A4F7556}") = "GMongoDBExample.Services", "GMongoDBExample.Services\GMongoDBExample.Services.csproj", "{907AC717-4697-4A68-A42D-C7694DEAC0A8}"
EndProject
Project("{9A19103F-16F7-4668-BE54-9A1E7A4F7556}") = "GMongoDBExample", "GMongoDBExample\GMongoDBExample.csproj", "{5A8B6A14-44D0-4913-8874-22724A925A08}"
EndProject
Project("{FAE04EC0-301F-11D3-BF4B-00C04F79EFBC}") = "GMongoDBExample.Services.UnitTest", "GMongoDBExample.Services.UnitTest\GMongoDBExample.Services.UnitTest.csproj", "{64896694-F210-4FE6-93D2-92C1822F5CFD}"
EndProject
Global
	GlobalSection(SolutionConfigurationPlatforms) = preSolution
		Debug|Any CPU = Debug|Any CPU
		Release|Any CPU = Release|Any CPU
	EndGlobalSection
	GlobalSection(ProjectConfigurationPlatforms) = postSolution
		{53E2F4A9-EA53-49DA-A9E5-D3FA2DA69F10}.Debug|Any CPU.ActiveCfg = Debug|Any CPU
		{53E2F4A9-EA53-49DA-A9E5-D3FA2DA69F10}.Debug|Any CPU.Build.0 = Debug|Any CPU
		{53E2F4A9-EA53-49DA-A9E5-D3FA2DA69F10}.Release|Any CPU.ActiveCfg = Release|Any CPU
		{53E2F4A9-EA53-49DA-A9E5-D3FA2DA69F10}.Release|Any CPU.Build.0 = Release|Any CPU
		{9E58C0C5-2CB4-48CB-AE52-B1B8F62AFC42}.Debug|Any CPU.ActiveCfg = Debug|Any CPU
		{9E58C0C5-2CB4-48CB-AE52-B1B8F62AFC42}.Debug|Any CPU.Build.0 = Debug|Any CPU
		{9E58C0C5-2CB4-48CB-AE52-B1B8F62AFC42}.Release|Any CPU.ActiveCfg = Release|Any CPU
		{9E58C0C5-2CB4-48CB-AE52-B1B8F62AFC42}.Release|Any CPU.Build.0 = Release|Any CPU
		{1496EF35-BE72-422A-9A5C-6B7F02838CAA}.Debug|Any CPU.ActiveCfg = Debug|Any CPU
		{1496EF35-BE72-422A-9A5C-6B7F02838CAA}.Debug|Any CPU.Build.0 = Debug|Any CPU
		{1496EF35-BE72-422A-9A5C-6B7F02838CAA}.Release|Any CPU.ActiveCfg = Release|Any CPU
		{1496EF35-BE72-422A-9A5C-6B7F02838CAA}.Release|Any CPU.Build.0 = Release|Any CPU
		{907AC717-4697-4A68-A42D-C7694DEAC0A8}.Debug|Any CPU.ActiveCfg = Debug|Any CPU
		{907AC717-4697-4A68-A42D-C7694DEAC0A8}.Debug|Any CPU.Build.0 = Debug|Any CPU
		{907AC717-4697-4A68-A42D-C7694DEAC0A8}.Release|Any CPU.ActiveCfg = Release|Any CPU
		{907AC717-4697-4A68-A42D-C7694DEAC0A8}.Release|Any CPU.Build.0 = Release|Any CPU
		{5A8B6A14-44D0-4913-8874-22724A925A08}.Debug|Any CPU.ActiveCfg = Debug|Any CPU
		{5A8B6A14-44D0-4913-8874-22724A925A08}.Debug|Any CPU.Build.0 = Debug|Any CPU
		{5A8B6A14-44D0-4913-8874-22724A925A08}.Release|Any CPU.ActiveCfg = Release|Any CPU
		{5A8B6A14-44D0-4913-8874-22724A925A08}.Release|Any CPU.Build.0 = Release|Any CPU
		{64896694-F210-4FE6-93D2-92C1822F5CFD}.Debug|Any CPU.ActiveCfg = Debug|Any CPU
		{64896694-F210-4FE6-93D2-92C1822F5CFD}.Debug|Any CPU.Build.0 = Debug|Any CPU
		{64896694-F210-4FE6-93D2-92C1822F5CFD}.Release|Any CPU.ActiveCfg = Release|Any CPU
		{64896694-F210-4FE6-93D2-92C1822F5CFD}.Release|Any CPU.Build.0 = Release|Any CPU
	EndGlobalSection
	GlobalSection(SolutionProperties) = preSolution
		HideSolutionNode = FALSE
	EndGlobalSection
	GlobalSection(ExtensibilityGlobals) = postSolution
		SolutionGuid = {F26D02D8-082D-409B-AE63-07F6536C9F03}
	EndGlobalSection
EndGlobal
